
Microsoft Visual Studio Solution File, Format Version 12.00
# Visual Studio Version 17
VisualStudioVersion = 17.3.32929.385
MinimumVisualStudioVersion = 10.0.40219.1
Project("{FAE04EC0-301F-11D3-BF4B-00C04F79EFBC}") = "AssetTracking", "AssetTracking\AssetTracking.csproj", "{8DB8EEA4-56B0-4341-8452-CA750A91BDF4}"
EndProject
Global
	GlobalSection(SolutionConfigurationPlatforms) = preSolution
		Debug|Any CPU = Debug|Any CPU
		Release|Any CPU = Release|Any CPU
	EndGlobalSection
	GlobalSection(ProjectConfigurationPlatforms) = postSolution
		{8DB8EEA4-56B0-4341-8452-CA750A91BDF4}.Debug|Any CPU.ActiveCfg = Debug|Any CPU
		{8DB8EEA4-56B0-4341-8452-CA750A91BDF4}.Debug|Any CPU.Build.0 = Debug|Any CPU
		{8DB8EEA4-56B0-4341-8452-CA750A91BDF4}.Release|Any CPU.ActiveCfg = Release|Any CPU
		{8DB8EEA4-56B0-4341-8452-CA750A91BDF4}.Release|Any CPU.Build.0 = Release|Any CPU
	EndGlobalSection
	GlobalSection(SolutionProperties) = preSolution
		HideSolutionNode = FALSE
	EndGlobalSection
	GlobalSection(ExtensibilityGlobals) = postSolution
		SolutionGuid = {944B2BBF-DD7E-43EC-B489-1A1829505E50}
	EndGlobalSection
EndGlobal
